// !$*UTF8*$!
{
	archiveVersion = 1;
	classes = {
	};
	objectVersion = 56;
	objects = {

/* Begin PBXBuildFile section */
		29C7311729C665B700E3D573 /* ExplainGPTApp.swift in Sources */ = {isa = PBXBuildFile; fileRef = 29C7311629C665B700E3D573 /* ExplainGPTApp.swift */; };
		29C7311929C665B700E3D573 /* ContentView.swift in Sources */ = {isa = PBXBuildFile; fileRef = 29C7311829C665B700E3D573 /* ContentView.swift */; };
		29C7311B29C665B800E3D573 /* Assets.xcassets in Resources */ = {isa = PBXBuildFile; fileRef = 29C7311A29C665B800E3D573 /* Assets.xcassets */; };
		29C7311E29C665B800E3D573 /* Preview Assets.xcassets in Resources */ = {isa = PBXBuildFile; fileRef = 29C7311D29C665B800E3D573 /* Preview Assets.xcassets */; };
		29C7312829C665B800E3D573 /* ExplainGPTTests.swift in Sources */ = {isa = PBXBuildFile; fileRef = 29C7312729C665B800E3D573 /* ExplainGPTTests.swift */; };
		29C7313229C665B800E3D573 /* ExplainGPTUITests.swift in Sources */ = {isa = PBXBuildFile; fileRef = 29C7313129C665B800E3D573 /* ExplainGPTUITests.swift */; };
		29C7313429C665B800E3D573 /* ExplainGPTUITestsLaunchTests.swift in Sources */ = {isa = PBXBuildFile; fileRef = 29C7313329C665B800E3D573 /* ExplainGPTUITestsLaunchTests.swift */; };
/* End PBXBuildFile section */

/* Begin PBXContainerItemProxy section */
		29C7312429C665B800E3D573 /* PBXContainerItemProxy */ = {
			isa = PBXContainerItemProxy;
			containerPortal = 29C7310B29C665B700E3D573 /* Project object */;
			proxyType = 1;
			remoteGlobalIDString = 29C7311229C665B700E3D573;
			remoteInfo = ExplainGPT;
		};
		29C7312E29C665B800E3D573 /* PBXContainerItemProxy */ = {
			isa = PBXContainerItemProxy;
			containerPortal = 29C7310B29C665B700E3D573 /* Project object */;
			proxyType = 1;
			remoteGlobalIDString = 29C7311229C665B700E3D573;
			remoteInfo = ExplainGPT;
		};
/* End PBXContainerItemProxy section */

/* Begin PBXFileReference section */
		29C7311329C665B700E3D573 /* ExplainGPT.app */ = {isa = PBXFileReference; explicitFileType = wrapper.application; includeInIndex = 0; path = ExplainGPT.app; sourceTree = BUILT_PRODUCTS_DIR; };
		29C7311629C665B700E3D573 /* ExplainGPTApp.swift */ = {isa = PBXFileReference; lastKnownFileType = sourcecode.swift; path = ExplainGPTApp.swift; sourceTree = "<group>"; };
		29C7311829C665B700E3D573 /* ContentView.swift */ = {isa = PBXFileReference; lastKnownFileType = sourcecode.swift; path = ContentView.swift; sourceTree = "<group>"; };
		29C7311A29C665B800E3D573 /* Assets.xcassets */ = {isa = PBXFileReference; lastKnownFileType = folder.assetcatalog; path = Assets.xcassets; sourceTree = "<group>"; };
		29C7311D29C665B800E3D573 /* Preview Assets.xcassets */ = {isa = PBXFileReference; lastKnownFileType = folder.assetcatalog; path = "Preview Assets.xcassets"; sourceTree = "<group>"; };
		29C7312329C665B800E3D573 /* ExplainGPTTests.xctest */ = {isa = PBXFileReference; explicitFileType = wrapper.cfbundle; includeInIndex = 0; path = ExplainGPTTests.xctest; sourceTree = BUILT_PRODUCTS_DIR; };
		29C7312729C665B800E3D573 /* ExplainGPTTests.swift */ = {isa = PBXFileReference; lastKnownFileType = sourcecode.swift; path = ExplainGPTTests.swift; sourceTree = "<group>"; };
		29C7312D29C665B800E3D573 /* ExplainGPTUITests.xctest */ = {isa = PBXFileReference; explicitFileType = wrapper.cfbundle; includeInIndex = 0; path = ExplainGPTUITests.xctest; sourceTree = BUILT_PRODUCTS_DIR; };
		29C7313129C665B800E3D573 /* ExplainGPTUITests.swift */ = {isa = PBXFileReference; lastKnownFileType = sourcecode.swift; path = ExplainGPTUITests.swift; sourceTree = "<group>"; };
		29C7313329C665B800E3D573 /* ExplainGPTUITestsLaunchTests.swift */ = {isa = PBXFileReference; lastKnownFileType = sourcecode.swift; path = ExplainGPTUITestsLaunchTests.swift; sourceTree = "<group>"; };
		29C7314029C6687F00E3D573 /* Info.plist */ = {isa = PBXFileReference; lastKnownFileType = text.plist; path = Info.plist; sourceTree = "<group>"; };
/* End PBXFileReference section */

/* Begin PBXFrameworksBuildPhase section */
		29C7311029C665B700E3D573 /* Frameworks */ = {
			isa = PBXFrameworksBuildPhase;
			buildActionMask = 2147483647;
			files = (
			);
			runOnlyForDeploymentPostprocessing = 0;
		};
		29C7312029C665B800E3D573 /* Frameworks */ = {
			isa = PBXFrameworksBuildPhase;
			buildActionMask = 2147483647;
			files = (
			);
			runOnlyForDeploymentPostprocessing = 0;
		};
		29C7312A29C665B800E3D573 /* Frameworks */ = {
			isa = PBXFrameworksBuildPhase;
			buildActionMask = 2147483647;
			files = (
			);
			runOnlyForDeploymentPostprocessing = 0;
		};
/* End PBXFrameworksBuildPhase section */

/* Begin PBXGroup section */
		29C7310A29C665B700E3D573 = {
			isa = PBXGroup;
			children = (
				29C7311529C665B700E3D573 /* ExplainGPT */,
				29C7312629C665B800E3D573 /* ExplainGPTTests */,
				29C7313029C665B800E3D573 /* ExplainGPTUITests */,
				29C7311429C665B700E3D573 /* Products */,
			);
			sourceTree = "<group>";
		};
		29C7311429C665B700E3D573 /* Products */ = {
			isa = PBXGroup;
			children = (
				29C7311329C665B700E3D573 /* ExplainGPT.app */,
				29C7312329C665B800E3D573 /* ExplainGPTTests.xctest */,
				29C7312D29C665B800E3D573 /* ExplainGPTUITests.xctest */,
			);
			name = Products;
			sourceTree = "<group>";
		};
		29C7311529C665B700E3D573 /* ExplainGPT */ = {
			isa = PBXGroup;
			children = (
				29C7314029C6687F00E3D573 /* Info.plist */,
				29C7311629C665B700E3D573 /* ExplainGPTApp.swift */,
				29C7311829C665B700E3D573 /* ContentView.swift */,
				29C7311A29C665B800E3D573 /* Assets.xcassets */,
				29C7311C29C665B800E3D573 /* Preview Content */,
			);
			path = ExplainGPT;
			sourceTree = "<group>";
		};
		29C7311C29C665B800E3D573 /* Preview Content */ = {
			isa = PBXGroup;
			children = (
				29C7311D29C665B800E3D573 /* Preview Assets.xcassets */,
			);
			path = "Preview Content";
			sourceTree = "<group>";
		};
		29C7312629C665B800E3D573 /* ExplainGPTTests */ = {
			isa = PBXGroup;
			children = (
				29C7312729C665B800E3D573 /* ExplainGPTTests.swift */,
			);
			path = ExplainGPTTests;
			sourceTree = "<group>";
		};
		29C7313029C665B800E3D573 /* ExplainGPTUITests */ = {
			isa = PBXGroup;
			children = (
				29C7313129C665B800E3D573 /* ExplainGPTUITests.swift */,
				29C7313329C665B800E3D573 /* ExplainGPTUITestsLaunchTests.swift */,
			);
			path = ExplainGPTUITests;
			sourceTree = "<group>";
		};
/* End PBXGroup section */

/* Begin PBXNativeTarget section */
		29C7311229C665B700E3D573 /* ExplainGPT */ = {
			isa = PBXNativeTarget;
			buildConfigurationList = 29C7313729C665B800E3D573 /* Build configuration list for PBXNativeTarget "ExplainGPT" */;
			buildPhases = (
				29C7310F29C665B700E3D573 /* Sources */,
				29C7311029C665B700E3D573 /* Frameworks */,
				29C7311129C665B700E3D573 /* Resources */,
			);
			buildRules = (
			);
			dependencies = (
			);
			name = ExplainGPT;
			productName = ExplainGPT;
			productReference = 29C7311329C665B700E3D573 /* ExplainGPT.app */;
			productType = "com.apple.product-type.application";
		};
		29C7312229C665B800E3D573 /* ExplainGPTTests */ = {
			isa = PBXNativeTarget;
			buildConfigurationList = 29C7313A29C665B800E3D573 /* Build configuration list for PBXNativeTarget "ExplainGPTTests" */;
			buildPhases = (
				29C7311F29C665B800E3D573 /* Sources */,
				29C7312029C665B800E3D573 /* Frameworks */,
				29C7312129C665B800E3D573 /* Resources */,
			);
			buildRules = (
			);
			dependencies = (
				29C7312529C665B800E3D573 /* PBXTargetDependency */,
			);
			name = ExplainGPTTests;
			productName = ExplainGPTTests;
			productReference = 29C7312329C665B800E3D573 /* ExplainGPTTests.xctest */;
			productType = "com.apple.product-type.bundle.unit-test";
		};
		29C7312C29C665B800E3D573 /* ExplainGPTUITests */ = {
			isa = PBXNativeTarget;
			buildConfigurationList = 29C7313D29C665B800E3D573 /* Build configuration list for PBXNativeTarget "ExplainGPTUITests" */;
			buildPhases = (
				29C7312929C665B800E3D573 /* Sources */,
				29C7312A29C665B800E3D573 /* Frameworks */,
				29C7312B29C665B800E3D573 /* Resources */,
			);
			buildRules = (
			);
			dependencies = (
				29C7312F29C665B800E3D573 /* PBXTargetDependency */,
			);
			name = ExplainGPTUITests;
			productName = ExplainGPTUITests;
			productReference = 29C7312D29C665B800E3D573 /* ExplainGPTUITests.xctest */;
			productType = "com.apple.product-type.bundle.ui-testing";
		};
/* End PBXNativeTarget section */

/* Begin PBXProject section */
		29C7310B29C665B700E3D573 /* Project object */ = {
			isa = PBXProject;
			attributes = {
				BuildIndependentTargetsInParallel = 1;
				LastSwiftUpdateCheck = 1420;
				LastUpgradeCheck = 1420;
				TargetAttributes = {
					29C7311229C665B700E3D573 = {
						CreatedOnToolsVersion = 14.2;
					};
					29C7312229C665B800E3D573 = {
						CreatedOnToolsVersion = 14.2;
						TestTargetID = 29C7311229C665B700E3D573;
					};
					29C7312C29C665B800E3D573 = {
						CreatedOnToolsVersion = 14.2;
						TestTargetID = 29C7311229C665B700E3D573;
					};
				};
			};
			buildConfigurationList = 29C7310E29C665B700E3D573 /* Build configuration list for PBXProject "ExplainGPT" */;
			compatibilityVersion = "Xcode 14.0";
			developmentRegion = en;
			hasScannedForEncodings = 0;
			knownRegions = (
				en,
				Base,
			);
			mainGroup = 29C7310A29C665B700E3D573;
			productRefGroup = 29C7311429C665B700E3D573 /* Products */;
			projectDirPath = "";
			projectRoot = "";
			targets = (
				29C7311229C665B700E3D573 /* ExplainGPT */,
				29C7312229C665B800E3D573 /* ExplainGPTTests */,
				29C7312C29C665B800E3D573 /* ExplainGPTUITests */,
			);
		};
/* End PBXProject section */

/* Begin PBXResourcesBuildPhase section */
		29C7311129C665B700E3D573 /* Resources */ = {
			isa = PBXResourcesBuildPhase;
			buildActionMask = 2147483647;
			files = (
				29C7311E29C665B800E3D573 /* Preview Assets.xcassets in Resources */,
				29C7311B29C665B800E3D573 /* Assets.xcassets in Resources */,
			);
			runOnlyForDeploymentPostprocessing = 0;
		};
		29C7312129C665B800E3D573 /* Resources */ = {
			isa = PBXResourcesBuildPhase;
			buildActionMask = 2147483647;
			files = (
			);
			runOnlyForDeploymentPostprocessing = 0;
		};
		29C7312B29C665B800E3D573 /* Resources */ = {
			isa = PBXResourcesBuildPhase;
			buildActionMask = 2147483647;
			files = (
			);
			runOnlyForDeploymentPostprocessing = 0;
		};
/* End PBXResourcesBuildPhase section */

/* Begin PBXSourcesBuildPhase section */
		29C7310F29C665B700E3D573 /* Sources */ = {
			isa = PBXSourcesBuildPhase;
			buildActionMask = 2147483647;
			files = (
				29C7311929C665B700E3D573 /* ContentView.swift in Sources */,
				29C7311729C665B700E3D573 /* ExplainGPTApp.swift in Sources */,
			);
			runOnlyForDeploymentPostprocessing = 0;
		};
		29C7311F29C665B800E3D573 /* Sources */ = {
			isa = PBXSourcesBuildPhase;
			buildActionMask = 2147483647;
			files = (
				29C7312829C665B800E3D573 /* ExplainGPTTests.swift in Sources */,
			);
			runOnlyForDeploymentPostprocessing = 0;
		};
		29C7312929C665B800E3D573 /* Sources */ = {
			isa = PBXSourcesBuildPhase;
			buildActionMask = 2147483647;
			files = (
				29C7313429C665B800E3D573 /* ExplainGPTUITestsLaunchTests.swift in Sources */,
				29C7313229C665B800E3D573 /* ExplainGPTUITests.swift in Sources */,
			);
			runOnlyForDeploymentPostprocessing = 0;
		};
/* End PBXSourcesBuildPhase section */

/* Begin PBXTargetDependency section */
		29C7312529C665B800E3D573 /* PBXTargetDependency */ = {
			isa = PBXTargetDependency;
			target = 29C7311229C665B700E3D573 /* ExplainGPT */;
			targetProxy = 29C7312429C665B800E3D573 /* PBXContainerItemProxy */;
		};
		29C7312F29C665B800E3D573 /* PBXTargetDependency */ = {
			isa = PBXTargetDependency;
			target = 29C7311229C665B700E3D573 /* ExplainGPT */;
			targetProxy = 29C7312E29C665B800E3D573 /* PBXContainerItemProxy */;
		};
/* End PBXTargetDependency section */

/* Begin XCBuildConfiguration section */
		29C7313529C665B800E3D573 /* Debug */ = {
			isa = XCBuildConfiguration;
			buildSettings = {
				ALWAYS_SEARCH_USER_PATHS = NO;
				CLANG_ANALYZER_NONNULL = YES;
				CLANG_ANALYZER_NUMBER_OBJECT_CONVERSION = YES_AGGRESSIVE;
				CLANG_CXX_LANGUAGE_STANDARD = "gnu++20";
				CLANG_ENABLE_MODULES = YES;
				CLANG_ENABLE_OBJC_ARC = YES;
				CLANG_ENABLE_OBJC_WEAK = YES;
				CLANG_WARN_BLOCK_CAPTURE_AUTORELEASING = YES;
				CLANG_WARN_BOOL_CONVERSION = YES;
				CLANG_WARN_COMMA = YES;
				CLANG_WARN_CONSTANT_CONVERSION = YES;
				CLANG_WARN_DEPRECATED_OBJC_IMPLEMENTATIONS = YES;
				CLANG_WARN_DIRECT_OBJC_ISA_USAGE = YES_ERROR;
				CLANG_WARN_DOCUMENTATION_COMMENTS = YES;
				CLANG_WARN_EMPTY_BODY = YES;
				CLANG_WARN_ENUM_CONVERSION = YES;
				CLANG_WARN_INFINITE_RECURSION = YES;
				CLANG_WARN_INT_CONVERSION = YES;
				CLANG_WARN_NON_LITERAL_NULL_CONVERSION = YES;
				CLANG_WARN_OBJC_IMPLICIT_RETAIN_SELF = YES;
				CLANG_WARN_OBJC_LITERAL_CONVERSION = YES;
				CLANG_WARN_OBJC_ROOT_CLASS = YES_ERROR;
				CLANG_WARN_QUOTED_INCLUDE_IN_FRAMEWORK_HEADER = YES;
				CLANG_WARN_RANGE_LOOP_ANALYSIS = YES;
				CLANG_WARN_STRICT_PROTOTYPES = YES;
				CLANG_WARN_SUSPICIOUS_MOVE = YES;
				CLANG_WARN_UNGUARDED_AVAILABILITY = YES_AGGRESSIVE;
				CLANG_WARN_UNREACHABLE_CODE = YES;
				CLANG_WARN__DUPLICATE_METHOD_MATCH = YES;
				COPY_PHASE_STRIP = NO;
				DEBUG_INFORMATION_FORMAT = dwarf;
				ENABLE_STRICT_OBJC_MSGSEND = YES;
				ENABLE_TESTABILITY = YES;
				GCC_C_LANGUAGE_STANDARD = gnu11;
				GCC_DYNAMIC_NO_PIC = NO;
				GCC_NO_COMMON_BLOCKS = YES;
				GCC_OPTIMIZATION_LEVEL = 0;
				GCC_PREPROCESSOR_DEFINITIONS = (
					"DEBUG=1",
					"$(inherited)",
				);
				GCC_WARN_64_TO_32_BIT_CONVERSION = YES;
				GCC_WARN_ABOUT_RETURN_TYPE = YES_ERROR;
				GCC_WARN_UNDECLARED_SELECTOR = YES;
				GCC_WARN_UNINITIALIZED_AUTOS = YES_AGGRESSIVE;
				GCC_WARN_UNUSED_FUNCTION = YES;
				GCC_WARN_UNUSED_VARIABLE = YES;
				IPHONEOS_DEPLOYMENT_TARGET = 16.2;
				MTL_ENABLE_DEBUG_INFO = INCLUDE_SOURCE;
				MTL_FAST_MATH = YES;
				ONLY_ACTIVE_ARCH = YES;
				SDKROOT = iphoneos;
				SWIFT_ACTIVE_COMPILATION_CONDITIONS = DEBUG;
				SWIFT_OPTIMIZATION_LEVEL = "-Onone";
			};
			name = Debug;
		};
		29C7313629C665B800E3D573 /* Release */ = {
			isa = XCBuildConfiguration;
			buildSettings = {
				ALWAYS_SEARCH_USER_PATHS = NO;
				CLANG_ANALYZER_NONNULL = YES;
				CLANG_ANALYZER_NUMBER_OBJECT_CONVERSION = YES_AGGRESSIVE;
				CLANG_CXX_LANGUAGE_STANDARD = "gnu++20";
				CLANG_ENABLE_MODULES = YES;
				CLANG_ENABLE_OBJC_ARC = YES;
				CLANG_ENABLE_OBJC_WEAK = YES;
				CLANG_WARN_BLOCK_CAPTURE_AUTORELEASING = YES;
				CLANG_WARN_BOOL_CONVERSION = YES;
				CLANG_WARN_COMMA = YES;
				CLANG_WARN_CONSTANT_CONVERSION = YES;
				CLANG_WARN_DEPRECATED_OBJC_IMPLEMENTATIONS = YES;
				CLANG_WARN_DIRECT_OBJC_ISA_USAGE = YES_ERROR;
				CLANG_WARN_DOCUMENTATION_COMMENTS = YES;
				CLANG_WARN_EMPTY_BODY = YES;
				CLANG_WARN_ENUM_CONVERSION = YES;
				CLANG_WARN_INFINITE_RECURSION = YES;
				CLANG_WARN_INT_CONVERSION = YES;
				CLANG_WARN_NON_LITERAL_NULL_CONVERSION = YES;
				CLANG_WARN_OBJC_IMPLICIT_RETAIN_SELF = YES;
				CLANG_WARN_OBJC_LITERAL_CONVERSION = YES;
				CLANG_WARN_OBJC_ROOT_CLASS = YES_ERROR;
				CLANG_WARN_QUOTED_INCLUDE_IN_FRAMEWORK_HEADER = YES;
				CLANG_WARN_RANGE_LOOP_ANALYSIS = YES;
				CLANG_WARN_STRICT_PROTOTYPES = YES;
				CLANG_WARN_SUSPICIOUS_MOVE = YES;
				CLANG_WARN_UNGUARDED_AVAILABILITY = YES_AGGRESSIVE;
				CLANG_WARN_UNREACHABLE_CODE = YES;
				CLANG_WARN__DUPLICATE_METHOD_MATCH = YES;
				COPY_PHASE_STRIP = NO;
				DEBUG_INFORMATION_FORMAT = "dwarf-with-dsym";
				ENABLE_NS_ASSERTIONS = NO;
				ENABLE_STRICT_OBJC_MSGSEND = YES;
				GCC_C_LANGUAGE_STANDARD = gnu11;
				GCC_NO_COMMON_BLOCKS = YES;
				GCC_WARN_64_TO_32_BIT_CONVERSION = YES;
				GCC_WARN_ABOUT_RETURN_TYPE = YES_ERROR;
				GCC_WARN_UNDECLARED_SELECTOR = YES;
				GCC_WARN_UNINITIALIZED_AUTOS = YES_AGGRESSIVE;
				GCC_WARN_UNUSED_FUNCTION = YES;
				GCC_WARN_UNUSED_VARIABLE = YES;
				IPHONEOS_DEPLOYMENT_TARGET = 16.2;
				MTL_ENABLE_DEBUG_INFO = NO;
				MTL_FAST_MATH = YES;
				SDKROOT = iphoneos;
				SWIFT_COMPILATION_MODE = wholemodule;
				SWIFT_OPTIMIZATION_LEVEL = "-O";
				VALIDATE_PRODUCT = YES;
			};
			name = Release;
		};
		29C7313829C665B800E3D573 /* Debug */ = {
			isa = XCBuildConfiguration;
			buildSettings = {
				ASSETCATALOG_COMPILER_APPICON_NAME = AppIcon;
				ASSETCATALOG_COMPILER_GLOBAL_ACCENT_COLOR_NAME = AccentColor;
				CODE_SIGN_STYLE = Automatic;
				CURRENT_PROJECT_VERSION = 1;
				DEVELOPMENT_ASSET_PATHS = "\"ExplainGPT/Preview Content\"";
				DEVELOPMENT_TEAM = 8NQG3V27VT;
				ENABLE_PREVIEWS = YES;
				GENERATE_INFOPLIST_FILE = YES;
				INFOPLIST_FILE = ExplainGPT/Info.plist;
				INFOPLIST_KEY_NSCameraUsageDescription = "This app needs to access the camera to scan documents.";
				INFOPLIST_KEY_NSMicrophoneUsageDescription = "This app needs to access the microphone to recognize audio.";
				INFOPLIST_KEY_NSSpeechRecognitionUsageDescription = "This app needs to access speech recognition to recognize audio as text.";
				INFOPLIST_KEY_UIApplicationSceneManifest_Generation = YES;
				INFOPLIST_KEY_UIApplicationSupportsIndirectInputEvents = YES;
				INFOPLIST_KEY_UILaunchScreen_Generation = YES;
				INFOPLIST_KEY_UISupportedInterfaceOrientations_iPad = "UIInterfaceOrientationPortrait UIInterfaceOrientationPortraitUpsideDown UIInterfaceOrientationLandscapeLeft UIInterfaceOrientationLandscapeRight";
				INFOPLIST_KEY_UISupportedInterfaceOrientations_iPhone = "UIInterfaceOrientationPortrait UIInterfaceOrientationLandscapeLeft UIInterfaceOrientationLandscapeRight";
				IPHONEOS_DEPLOYMENT_TARGET = 16.0;
				LD_RUNPATH_SEARCH_PATHS = (
					"$(inherited)",
					"@executable_path/Frameworks",
				);
				MARKETING_VERSION = 1.0;
				PRODUCT_BUNDLE_IDENTIFIER = praisemathewjohnson.ExplainGPT;
				PRODUCT_NAME = "$(TARGET_NAME)";
				SWIFT_EMIT_LOC_STRINGS = YES;
				SWIFT_VERSION = 5.0;
				TARGETED_DEVICE_FAMILY = "1,2";
			};
			name = Debug;
		};
		29C7313929C665B800E3D573 /* Release */ = {
			isa = XCBuildConfiguration;
			buildSettings = {
				ASSETCATALOG_COMPILER_APPICON_NAME = AppIcon;
				ASSETCATALOG_COMPILER_GLOBAL_ACCENT_COLOR_NAME = AccentColor;
				CODE_SIGN_STYLE = Automatic;
				CURRENT_PROJECT_VERSION = 1;
				DEVELOPMENT_ASSET_PATHS = "\"ExplainGPT/Preview Content\"";
				DEVELOPMENT_TEAM = 8NQG3V27VT;
				ENABLE_PREVIEWS = YES;
				GENERATE_INFOPLIST_FILE = YES;
				INFOPLIST_FILE = ExplainGPT/Info.plist;
				INFOPLIST_KEY_NSCameraUsageDescription = "This app needs to access the camera to scan documents.";
				INFOPLIST_KEY_NSMicrophoneUsageDescription = "This app needs to access the microphone to recognize audio.";
				INFOPLIST_KEY_NSSpeechRecognitionUsageDescription = "This app needs to access speech recognition to recognize audio as text.";
				INFOPLIST_KEY_UIApplicationSceneManifest_Generation = YES;
				INFOPLIST_KEY_UIApplicationSupportsIndirectInputEvents = YES;
				INFOPLIST_KEY_UILaunchScreen_Generation = YES;
				INFOPLIST_KEY_UISupportedInterfaceOrientations_iPad = "UIInterfaceOrientationPortrait UIInterfaceOrientationPortraitUpsideDown UIInterfaceOrientationLandscapeLeft UIInterfaceOrientationLandscapeRight";
				INFOPLIST_KEY_UISupportedInterfaceOrientations_iPhone = "UIInterfaceOrientationPortrait UIInterfaceOrientationLandscapeLeft UIInterfaceOrientationLandscapeRight";
				IPHONEOS_DEPLOYMENT_TARGET = 16.0;
				LD_RUNPATH_SEARCH_PATHS = (
					"$(inherited)",
					"@executable_path/Frameworks",
				);
				MARKETING_VERSION = 1.0;
				PRODUCT_BUNDLE_IDENTIFIER = praisemathewjohnson.ExplainGPT;
				PRODUCT_NAME = "$(TARGET_NAME)";
				SWIFT_EMIT_LOC_STRINGS = YES;
				SWIFT_VERSION = 5.0;
				TARGETED_DEVICE_FAMILY = "1,2";
			};
			name = Release;
		};
		29C7313B29C665B800E3D573 /* Debug */ = {
			isa = XCBuildConfiguration;
			buildSettings = {
				ALWAYS_EMBED_SWIFT_STANDARD_LIBRARIES = YES;
				BUNDLE_LOADER = "$(TEST_HOST)";
				CODE_SIGN_STYLE = Automatic;
				CURRENT_PROJECT_VERSION = 1;
				DEVELOPMENT_TEAM = 8NQG3V27VT;
				GENERATE_INFOPLIST_FILE = YES;
				IPHONEOS_DEPLOYMENT_TARGET = 16.2;
				MARKETING_VERSION = 1.0;
				PRODUCT_BUNDLE_IDENTIFIER = praisemathewjohnson.ExplainGPTTests;
				PRODUCT_NAME = "$(TARGET_NAME)";
				SWIFT_EMIT_LOC_STRINGS = NO;
				SWIFT_VERSION = 5.0;
				TARGETED_DEVICE_FAMILY = "1,2";
				TEST_HOST = "$(BUILT_PRODUCTS_DIR)/ExplainGPT.app/$(BUNDLE_EXECUTABLE_FOLDER_PATH)/ExplainGPT";
			};
			name = Debug;
		};
		29C7313C29C665B800E3D573 /* Release */ = {
			isa = XCBuildConfiguration;
			buildSettings = {
				ALWAYS_EMBED_SWIFT_STANDARD_LIBRARIES = YES;
				BUNDLE_LOADER = "$(TEST_HOST)";
				CODE_SIGN_STYLE = Automatic;
				CURRENT_PROJECT_VERSION = 1;
				DEVELOPMENT_TEAM = 8NQG3V27VT;
				GENERATE_INFOPLIST_FILE = YES;
				IPHONEOS_DEPLOYMENT_TARGET = 16.2;
				MARKETING_VERSION = 1.0;
				PRODUCT_BUNDLE_IDENTIFIER = praisemathewjohnson.ExplainGPTTests;
				PRODUCT_NAME = "$(TARGET_NAME)";
				SWIFT_EMIT_LOC_STRINGS = NO;
				SWIFT_VERSION = 5.0;
				TARGETED_DEVICE_FAMILY = "1,2";
				TEST_HOST = "$(BUILT_PRODUCTS_DIR)/ExplainGPT.app/$(BUNDLE_EXECUTABLE_FOLDER_PATH)/ExplainGPT";
			};
			name = Release;
		};
		29C7313E29C665B800E3D573 /* Debug */ = {
			isa = XCBuildConfiguration;
			buildSettings = {
				ALWAYS_EMBED_SWIFT_STANDARD_LIBRARIES = YES;
				CODE_SIGN_STYLE = Automatic;
				CURRENT_PROJECT_VERSION = 1;
				DEVELOPMENT_TEAM = 8NQG3V27VT;
				GENERATE_INFOPLIST_FILE = YES;
				MARKETING_VERSION = 1.0;
				PRODUCT_BUNDLE_IDENTIFIER = praisemathewjohnson.ExplainGPTUITests;
				PRODUCT_NAME = "$(TARGET_NAME)";
				SWIFT_EMIT_LOC_STRINGS = NO;
				SWIFT_VERSION = 5.0;
				TARGETED_DEVICE_FAMILY = "1,2";
				TEST_TARGET_NAME = ExplainGPT;
			};
			name = Debug;
		};
		29C7313F29C665B800E3D573 /* Release */ = {
			isa = XCBuildConfiguration;
			buildSettings = {
				ALWAYS_EMBED_SWIFT_STANDARD_LIBRARIES = YES;
				CODE_SIGN_STYLE = Automatic;
				CURRENT_PROJECT_VERSION = 1;
				DEVELOPMENT_TEAM = 8NQG3V27VT;
				GENERATE_INFOPLIST_FILE = YES;
				MARKETING_VERSION = 1.0;
				PRODUCT_BUNDLE_IDENTIFIER = praisemathewjohnson.ExplainGPTUITests;
				PRODUCT_NAME = "$(TARGET_NAME)";
				SWIFT_EMIT_LOC_STRINGS = NO;
				SWIFT_VERSION = 5.0;
				TARGETED_DEVICE_FAMILY = "1,2";
				TEST_TARGET_NAME = ExplainGPT;
			};
			name = Release;
		};
/* End XCBuildConfiguration section */

/* Begin XCConfigurationList section */
		29C7310E29C665B700E3D573 /* Build configuration list for PBXProject "ExplainGPT" */ = {
			isa = XCConfigurationList;
			buildConfigurations = (
				29C7313529C665B800E3D573 /* Debug */,
				29C7313629C665B800E3D573 /* Release */,
			);
			defaultConfigurationIsVisible = 0;
			defaultConfigurationName = Release;
		};
		29C7313729C665B800E3D573 /* Build configuration list for PBXNativeTarget "ExplainGPT" */ = {
			isa = XCConfigurationList;
			buildConfigurations = (
				29C7313829C665B800E3D573 /* Debug */,
				29C7313929C665B800E3D573 /* Release */,
			);
			defaultConfigurationIsVisible = 0;
			defaultConfigurationName = Release;
		};
		29C7313A29C665B800E3D573 /* Build configuration list for PBXNativeTarget "ExplainGPTTests" */ = {
			isa = XCConfigurationList;
			buildConfigurations = (
				29C7313B29C665B800E3D573 /* Debug */,
				29C7313C29C665B800E3D573 /* Release */,
			);
			defaultConfigurationIsVisible = 0;
			defaultConfigurationName = Release;
		};
		29C7313D29C665B800E3D573 /* Build configuration list for PBXNativeTarget "ExplainGPTUITests" */ = {
			isa = XCConfigurationList;
			buildConfigurations = (
				29C7313E29C665B800E3D573 /* Debug */,
				29C7313F29C665B800E3D573 /* Release */,
			);
			defaultConfigurationIsVisible = 0;
			defaultConfigurationName = Release;
		};
/* End XCConfigurationList section */
	};
	rootObject = 29C7310B29C665B700E3D573 /* Project object */;
}
